
Microsoft Visual Studio Solution File, Format Version 12.00
# Visual Studio Express 2013 for Windows Desktop
VisualStudioVersion = 12.0.30626.0
MinimumVisualStudioVersion = 10.0.40219.1
Project("{8BC9CEB8-8B4A-11D0-8D11-00A0C91BC942}") = "iutest_c_sample", "iutest_c_sample.vcxproj", "{8F1874C6-C441-455C-ACB7-DA45D4BF82E9}"
EndProject
Project("{8BC9CEB8-8B4A-11D0-8D11-00A0C91BC942}") = "iutest_c", "iutest_c.vcxproj", "{F9486302-95EE-497A-99EB-DF5756F9907F}"
EndProject
Global
	GlobalSection(SolutionConfigurationPlatforms) = preSolution
		Debug(Lib)|Win32 = Debug(Lib)|Win32
		Debug_MD|Win32 = Debug_MD|Win32
		Debug|Win32 = Debug|Win32
		Release_MD|Win32 = Release_MD|Win32
		Release|Win32 = Release|Win32
	EndGlobalSection
	GlobalSection(ProjectConfigurationPlatforms) = postSolution
		{8F1874C6-C441-455C-ACB7-DA45D4BF82E9}.Debug(Lib)|Win32.ActiveCfg = Debug(Lib)|Win32
		{8F1874C6-C441-455C-ACB7-DA45D4BF82E9}.Debug(Lib)|Win32.Build.0 = Debug(Lib)|Win32
		{8F1874C6-C441-455C-ACB7-DA45D4BF82E9}.Debug_MD|Win32.ActiveCfg = Debug|Win32
		{8F1874C6-C441-455C-ACB7-DA45D4BF82E9}.Debug_MD|Win32.Build.0 = Debug|Win32
		{8F1874C6-C441-455C-ACB7-DA45D4BF82E9}.Debug|Win32.ActiveCfg = Debug|Win32
		{8F1874C6-C441-455C-ACB7-DA45D4BF82E9}.Debug|Win32.Build.0 = Debug|Win32
		{8F1874C6-C441-455C-ACB7-DA45D4BF82E9}.Release_MD|Win32.ActiveCfg = Release|Win32
		{8F1874C6-C441-455C-ACB7-DA45D4BF82E9}.Release_MD|Win32.Build.0 = Release|Win32
		{8F1874C6-C441-455C-ACB7-DA45D4BF82E9}.Release|Win32.ActiveCfg = Release|Win32
		{8F1874C6-C441-455C-ACB7-DA45D4BF82E9}.Release|Win32.Build.0 = Release|Win32
		{F9486302-95EE-497A-99EB-DF5756F9907F}.Debug(Lib)|Win32.ActiveCfg = Debug_MD|Win32
		{F9486302-95EE-497A-99EB-DF5756F9907F}.Debug(Lib)|Win32.Build.0 = Debug_MD|Win32
		{F9486302-95EE-497A-99EB-DF5756F9907F}.Debug_MD|Win32.ActiveCfg = Debug_MD|Win32
		{F9486302-95EE-497A-99EB-DF5756F9907F}.Debug_MD|Win32.Build.0 = Debug_MD|Win32
		{F9486302-95EE-497A-99EB-DF5756F9907F}.Debug|Win32.ActiveCfg = Debug|Win32
		{F9486302-95EE-497A-99EB-DF5756F9907F}.Debug|Win32.Build.0 = Debug|Win32
		{F9486302-95EE-497A-99EB-DF5756F9907F}.Release_MD|Win32.ActiveCfg = Release_MD|Win32
		{F9486302-95EE-497A-99EB-DF5756F9907F}.Release_MD|Win32.Build.0 = Release_MD|Win32
		{F9486302-95EE-497A-99EB-DF5756F9907F}.Release|Win32.ActiveCfg = Release|Win32
		{F9486302-95EE-497A-99EB-DF5756F9907F}.Release|Win32.Build.0 = Release|Win32
	EndGlobalSection
	GlobalSection(SolutionProperties) = preSolution
		HideSolutionNode = FALSE
	EndGlobalSection
EndGlobal
